
Microsoft Visual Studio Solution File, Format Version 12.00
# Visual Studio Version 16
VisualStudioVersion = 16.0.30011.22
MinimumVisualStudioVersion = 10.0.40219.1
Project("{FAE04EC0-301F-11D3-BF4B-00C04F79EFBC}") = "CSharpATM", "CSharpATM.csproj", "{3CA4DC81-C660-402C-ABF5-FAE7E46F80DC}"
EndProject
Global
	GlobalSection(SolutionConfigurationPlatforms) = preSolution
		Debug|Any CPU = Debug|Any CPU
		Release|Any CPU = Release|Any CPU
	EndGlobalSection
	GlobalSection(ProjectConfigurationPlatforms) = postSolution
		{3CA4DC81-C660-402C-ABF5-FAE7E46F80DC}.Debug|Any CPU.ActiveCfg = Debug|Any CPU
		{3CA4DC81-C660-402C-ABF5-FAE7E46F80DC}.Debug|Any CPU.Build.0 = Debug|Any CPU
		{3CA4DC81-C660-402C-ABF5-FAE7E46F80DC}.Release|Any CPU.ActiveCfg = Release|Any CPU
		{3CA4DC81-C660-402C-ABF5-FAE7E46F80DC}.Release|Any CPU.Build.0 = Release|Any CPU
	EndGlobalSection
	GlobalSection(SolutionProperties) = preSolution
		HideSolutionNode = FALSE
	EndGlobalSection
	GlobalSection(ExtensibilityGlobals) = postSolution
		SolutionGuid = {0604EE32-0531-4B9D-8762-E8E70AD2A087}
	EndGlobalSection
EndGlobal
